// !$*UTF8*$!
{
	archiveVersion = 1;
	classes = {
	};
	objectVersion = 46;
	objects = {

/* Begin PBXBuildFile section */
		81A32CD519D1180A007B36EF /* main.m in Sources */ = {isa = PBXBuildFile; fileRef = 81A32CD419D1180A007B36EF /* main.m */; };
		81A32CD819D1180A007B36EF /* AppDelegate.m in Sources */ = {isa = PBXBuildFile; fileRef = 81A32CD719D1180A007B36EF /* AppDelegate.m */; };
		81A32CDA19D1180B007B36EF /* Images.xcassets in Resources */ = {isa = PBXBuildFile; fileRef = 81A32CD919D1180B007B36EF /* Images.xcassets */; };
		81A32CDD19D1180B007B36EF /* MainMenu.xib in Resources */ = {isa = PBXBuildFile; fileRef = 81A32CDB19D1180B007B36EF /* MainMenu.xib */; };
		81A32CE919D1180B007B36EF /* uSav_NewMacTests.m in Sources */ = {isa = PBXBuildFile; fileRef = 81A32CE819D1180B007B36EF /* uSav_NewMacTests.m */; };
		81A32CF519D11869007B36EF /* MainViewController.m in Sources */ = {isa = PBXBuildFile; fileRef = 81A32CF319D11869007B36EF /* MainViewController.m */; };
		81A32CF619D11869007B36EF /* MainViewController.xib in Resources */ = {isa = PBXBuildFile; fileRef = 81A32CF419D11869007B36EF /* MainViewController.xib */; };
/* End PBXBuildFile section */

/* Begin PBXContainerItemProxy section */
		81A32CE319D1180B007B36EF /* PBXContainerItemProxy */ = {
			isa = PBXContainerItemProxy;
			containerPortal = 81A32CC719D1180A007B36EF /* Project object */;
			proxyType = 1;
			remoteGlobalIDString = 81A32CCE19D1180A007B36EF;
			remoteInfo = "uSav-NewMac";
		};
/* End PBXContainerItemProxy section */

/* Begin PBXFileReference section */
		81A32CCF19D1180A007B36EF /* uSav-NewMac.app */ = {isa = PBXFileReference; explicitFileType = wrapper.application; includeInIndex = 0; path = "uSav-NewMac.app"; sourceTree = BUILT_PRODUCTS_DIR; };
		81A32CD319D1180A007B36EF /* Info.plist */ = {isa = PBXFileReference; lastKnownFileType = text.plist.xml; path = Info.plist; sourceTree = "<group>"; };
		81A32CD419D1180A007B36EF /* main.m */ = {isa = PBXFileReference; lastKnownFileType = sourcecode.c.objc; path = main.m; sourceTree = "<group>"; };
		81A32CD619D1180A007B36EF /* AppDelegate.h */ = {isa = PBXFileReference; lastKnownFileType = sourcecode.c.h; path = AppDelegate.h; sourceTree = "<group>"; };
		81A32CD719D1180A007B36EF /* AppDelegate.m */ = {isa = PBXFileReference; lastKnownFileType = sourcecode.c.objc; path = AppDelegate.m; sourceTree = "<group>"; };
		81A32CD919D1180B007B36EF /* Images.xcassets */ = {isa = PBXFileReference; lastKnownFileType = folder.assetcatalog; path = Images.xcassets; sourceTree = "<group>"; };
		81A32CDC19D1180B007B36EF /* Base */ = {isa = PBXFileReference; lastKnownFileType = file.xib; name = Base; path = Base.lproj/MainMenu.xib; sourceTree = "<group>"; };
		81A32CE219D1180B007B36EF /* uSav-NewMacTests.xctest */ = {isa = PBXFileReference; explicitFileType = wrapper.cfbundle; includeInIndex = 0; path = "uSav-NewMacTests.xctest"; sourceTree = BUILT_PRODUCTS_DIR; };
		81A32CE719D1180B007B36EF /* Info.plist */ = {isa = PBXFileReference; lastKnownFileType = text.plist.xml; path = Info.plist; sourceTree = "<group>"; };
		81A32CE819D1180B007B36EF /* uSav_NewMacTests.m */ = {isa = PBXFileReference; lastKnownFileType = sourcecode.c.objc; path = uSav_NewMacTests.m; sourceTree = "<group>"; };
		81A32CF219D11869007B36EF /* MainViewController.h */ = {isa = PBXFileReference; fileEncoding = 4; lastKnownFileType = sourcecode.c.h; path = MainViewController.h; sourceTree = "<group>"; };
		81A32CF319D11869007B36EF /* MainViewController.m */ = {isa = PBXFileReference; fileEncoding = 4; lastKnownFileType = sourcecode.c.objc; path = MainViewController.m; sourceTree = "<group>"; };
		81A32CF419D11869007B36EF /* MainViewController.xib */ = {isa = PBXFileReference; fileEncoding = 4; lastKnownFileType = file.xib; path = MainViewController.xib; sourceTree = "<group>"; };
/* End PBXFileReference section */

/* Begin PBXFrameworksBuildPhase section */
		81A32CCC19D1180A007B36EF /* Frameworks */ = {
			isa = PBXFrameworksBuildPhase;
			buildActionMask = 2147483647;
			files = (
			);
			runOnlyForDeploymentPostprocessing = 0;
		};
		81A32CDF19D1180B007B36EF /* Frameworks */ = {
			isa = PBXFrameworksBuildPhase;
			buildActionMask = 2147483647;
			files = (
			);
			runOnlyForDeploymentPostprocessing = 0;
		};
/* End PBXFrameworksBuildPhase section */

/* Begin PBXGroup section */
		81A32CC619D1180A007B36EF = {
			isa = PBXGroup;
			children = (
				81A32CD119D1180A007B36EF /* uSav-NewMac */,
				81A32CE519D1180B007B36EF /* uSav-NewMacTests */,
				81A32CD019D1180A007B36EF /* Products */,
			);
			sourceTree = "<group>";
		};
		81A32CD019D1180A007B36EF /* Products */ = {
			isa = PBXGroup;
			children = (
				81A32CCF19D1180A007B36EF /* uSav-NewMac.app */,
				81A32CE219D1180B007B36EF /* uSav-NewMacTests.xctest */,
			);
			name = Products;
			sourceTree = "<group>";
		};
		81A32CD119D1180A007B36EF /* uSav-NewMac */ = {
			isa = PBXGroup;
			children = (
				81A32CD619D1180A007B36EF /* AppDelegate.h */,
				81A32CD719D1180A007B36EF /* AppDelegate.m */,
				81A32CF219D11869007B36EF /* MainViewController.h */,
				81A32CF319D11869007B36EF /* MainViewController.m */,
				81A32CF419D11869007B36EF /* MainViewController.xib */,
				81A32CD919D1180B007B36EF /* Images.xcassets */,
				81A32CDB19D1180B007B36EF /* MainMenu.xib */,
				81A32CD219D1180A007B36EF /* Supporting Files */,
			);
			path = "uSav-NewMac";
			sourceTree = "<group>";
		};
		81A32CD219D1180A007B36EF /* Supporting Files */ = {
			isa = PBXGroup;
			children = (
				81A32CD319D1180A007B36EF /* Info.plist */,
				81A32CD419D1180A007B36EF /* main.m */,
			);
			name = "Supporting Files";
			sourceTree = "<group>";
		};
		81A32CE519D1180B007B36EF /* uSav-NewMacTests */ = {
			isa = PBXGroup;
			children = (
				81A32CE819D1180B007B36EF /* uSav_NewMacTests.m */,
				81A32CE619D1180B007B36EF /* Supporting Files */,
			);
			path = "uSav-NewMacTests";
			sourceTree = "<group>";
		};
		81A32CE619D1180B007B36EF /* Supporting Files */ = {
			isa = PBXGroup;
			children = (
				81A32CE719D1180B007B36EF /* Info.plist */,
			);
			name = "Supporting Files";
			sourceTree = "<group>";
		};
/* End PBXGroup section */

/* Begin PBXNativeTarget section */
		81A32CCE19D1180A007B36EF /* uSav-NewMac */ = {
			isa = PBXNativeTarget;
			buildConfigurationList = 81A32CEC19D1180B007B36EF /* Build configuration list for PBXNativeTarget "uSav-NewMac" */;
			buildPhases = (
				81A32CCB19D1180A007B36EF /* Sources */,
				81A32CCC19D1180A007B36EF /* Frameworks */,
				81A32CCD19D1180A007B36EF /* Resources */,
			);
			buildRules = (
			);
			dependencies = (
			);
			name = "uSav-NewMac";
			productName = "uSav-NewMac";
			productReference = 81A32CCF19D1180A007B36EF /* uSav-NewMac.app */;
			productType = "com.apple.product-type.application";
		};
		81A32CE119D1180B007B36EF /* uSav-NewMacTests */ = {
			isa = PBXNativeTarget;
			buildConfigurationList = 81A32CEF19D1180B007B36EF /* Build configuration list for PBXNativeTarget "uSav-NewMacTests" */;
			buildPhases = (
				81A32CDE19D1180B007B36EF /* Sources */,
				81A32CDF19D1180B007B36EF /* Frameworks */,
				81A32CE019D1180B007B36EF /* Resources */,
			);
			buildRules = (
			);
			dependencies = (
				81A32CE419D1180B007B36EF /* PBXTargetDependency */,
			);
			name = "uSav-NewMacTests";
			productName = "uSav-NewMacTests";
			productReference = 81A32CE219D1180B007B36EF /* uSav-NewMacTests.xctest */;
			productType = "com.apple.product-type.bundle.unit-test";
		};
/* End PBXNativeTarget section */

/* Begin PBXProject section */
		81A32CC719D1180A007B36EF /* Project object */ = {
			isa = PBXProject;
			attributes = {
				LastUpgradeCheck = 0600;
				ORGANIZATIONNAME = nwstor;
				TargetAttributes = {
					81A32CCE19D1180A007B36EF = {
						CreatedOnToolsVersion = 6.0;
					};
					81A32CE119D1180B007B36EF = {
						CreatedOnToolsVersion = 6.0;
						TestTargetID = 81A32CCE19D1180A007B36EF;
					};
				};
			};
			buildConfigurationList = 81A32CCA19D1180A007B36EF /* Build configuration list for PBXProject "uSav-NewMac" */;
			compatibilityVersion = "Xcode 3.2";
			developmentRegion = English;
			hasScannedForEncodings = 0;
			knownRegions = (
				en,
				Base,
			);
			mainGroup = 81A32CC619D1180A007B36EF;
			productRefGroup = 81A32CD019D1180A007B36EF /* Products */;
			projectDirPath = "";
			projectRoot = "";
			targets = (
				81A32CCE19D1180A007B36EF /* uSav-NewMac */,
				81A32CE119D1180B007B36EF /* uSav-NewMacTests */,
			);
		};
/* End PBXProject section */

/* Begin PBXResourcesBuildPhase section */
		81A32CCD19D1180A007B36EF /* Resources */ = {
			isa = PBXResourcesBuildPhase;
			buildActionMask = 2147483647;
			files = (
				81A32CDA19D1180B007B36EF /* Images.xcassets in Resources */,
				81A32CF619D11869007B36EF /* MainViewController.xib in Resources */,
				81A32CDD19D1180B007B36EF /* MainMenu.xib in Resources */,
			);
			runOnlyForDeploymentPostprocessing = 0;
		};
		81A32CE019D1180B007B36EF /* Resources */ = {
			isa = PBXResourcesBuildPhase;
			buildActionMask = 2147483647;
			files = (
			);
			runOnlyForDeploymentPostprocessing = 0;
		};
/* End PBXResourcesBuildPhase section */

/* Begin PBXSourcesBuildPhase section */
		81A32CCB19D1180A007B36EF /* Sources */ = {
			isa = PBXSourcesBuildPhase;
			buildActionMask = 2147483647;
			files = (
				81A32CD819D1180A007B36EF /* AppDelegate.m in Sources */,
				81A32CF519D11869007B36EF /* MainViewController.m in Sources */,
				81A32CD519D1180A007B36EF /* main.m in Sources */,
			);
			runOnlyForDeploymentPostprocessing = 0;
		};
		81A32CDE19D1180B007B36EF /* Sources */ = {
			isa = PBXSourcesBuildPhase;
			buildActionMask = 2147483647;
			files = (
				81A32CE919D1180B007B36EF /* uSav_NewMacTests.m in Sources */,
			);
			runOnlyForDeploymentPostprocessing = 0;
		};
/* End PBXSourcesBuildPhase section */

/* Begin PBXTargetDependency section */
		81A32CE419D1180B007B36EF /* PBXTargetDependency */ = {
			isa = PBXTargetDependency;
			target = 81A32CCE19D1180A007B36EF /* uSav-NewMac */;
			targetProxy = 81A32CE319D1180B007B36EF /* PBXContainerItemProxy */;
		};
/* End PBXTargetDependency section */

/* Begin PBXVariantGroup section */
		81A32CDB19D1180B007B36EF /* MainMenu.xib */ = {
			isa = PBXVariantGroup;
			children = (
				81A32CDC19D1180B007B36EF /* Base */,
			);
			name = MainMenu.xib;
			sourceTree = "<group>";
		};
/* End PBXVariantGroup section */

/* Begin XCBuildConfiguration section */
		81A32CEA19D1180B007B36EF /* Debug */ = {
			isa = XCBuildConfiguration;
			buildSettings = {
				ALWAYS_SEARCH_USER_PATHS = NO;
				CLANG_CXX_LANGUAGE_STANDARD = "gnu++0x";
				CLANG_CXX_LIBRARY = "libc++";
				CLANG_ENABLE_MODULES = YES;
				CLANG_ENABLE_OBJC_ARC = YES;
				CLANG_WARN_BOOL_CONVERSION = YES;
				CLANG_WARN_CONSTANT_CONVERSION = YES;
				CLANG_WARN_DIRECT_OBJC_ISA_USAGE = YES_ERROR;
				CLANG_WARN_EMPTY_BODY = YES;
				CLANG_WARN_ENUM_CONVERSION = YES;
				CLANG_WARN_INT_CONVERSION = YES;
				CLANG_WARN_OBJC_ROOT_CLASS = YES_ERROR;
				CLANG_WARN_UNREACHABLE_CODE = YES;
				CLANG_WARN__DUPLICATE_METHOD_MATCH = YES;
				CODE_SIGN_IDENTITY = "-";
				COPY_PHASE_STRIP = NO;
				ENABLE_STRICT_OBJC_MSGSEND = YES;
				GCC_C_LANGUAGE_STANDARD = gnu99;
				GCC_DYNAMIC_NO_PIC = NO;
				GCC_OPTIMIZATION_LEVEL = 0;
				GCC_PREPROCESSOR_DEFINITIONS = (
					"DEBUG=1",
					"$(inherited)",
				);
				GCC_SYMBOLS_PRIVATE_EXTERN = NO;
				GCC_WARN_64_TO_32_BIT_CONVERSION = YES;
				GCC_WARN_ABOUT_RETURN_TYPE = YES_ERROR;
				GCC_WARN_UNDECLARED_SELECTOR = YES;
				GCC_WARN_UNINITIALIZED_AUTOS = YES_AGGRESSIVE;
				GCC_WARN_UNUSED_FUNCTION = YES;
				GCC_WARN_UNUSED_VARIABLE = YES;
				MACOSX_DEPLOYMENT_TARGET = 10.9;
				MTL_ENABLE_DEBUG_INFO = YES;
				ONLY_ACTIVE_ARCH = YES;
				SDKROOT = macosx;
			};
			name = Debug;
		};
		81A32CEB19D1180B007B36EF /* Release */ = {
			isa = XCBuildConfiguration;
			buildSettings = {
				ALWAYS_SEARCH_USER_PATHS = NO;
				CLANG_CXX_LANGUAGE_STANDARD = "gnu++0x";
				CLANG_CXX_LIBRARY = "libc++";
				CLANG_ENABLE_MODULES = YES;
				CLANG_ENABLE_OBJC_ARC = YES;
				CLANG_WARN_BOOL_CONVERSION = YES;
				CLANG_WARN_CONSTANT_CONVERSION = YES;
				CLANG_WARN_DIRECT_OBJC_ISA_USAGE = YES_ERROR;
				CLANG_WARN_EMPTY_BODY = YES;
				CLANG_WARN_ENUM_CONVERSION = YES;
				CLANG_WARN_INT_CONVERSION = YES;
				CLANG_WARN_OBJC_ROOT_CLASS = YES_ERROR;
				CLANG_WARN_UNREACHABLE_CODE = YES;
				CLANG_WARN__DUPLICATE_METHOD_MATCH = YES;
				CODE_SIGN_IDENTITY = "-";
				COPY_PHASE_STRIP = YES;
				DEBUG_INFORMATION_FORMAT = "dwarf-with-dsym";
				ENABLE_NS_ASSERTIONS = NO;
				ENABLE_STRICT_OBJC_MSGSEND = YES;
				GCC_C_LANGUAGE_STANDARD = gnu99;
				GCC_WARN_64_TO_32_BIT_CONVERSION = YES;
				GCC_WARN_ABOUT_RETURN_TYPE = YES_ERROR;
				GCC_WARN_UNDECLARED_SELECTOR = YES;
				GCC_WARN_UNINITIALIZED_AUTOS = YES_AGGRESSIVE;
				GCC_WARN_UNUSED_FUNCTION = YES;
				GCC_WARN_UNUSED_VARIABLE = YES;
				MACOSX_DEPLOYMENT_TARGET = 10.9;
				MTL_ENABLE_DEBUG_INFO = NO;
				SDKROOT = macosx;
			};
			name = Release;
		};
		81A32CED19D1180B007B36EF /* Debug */ = {
			isa = XCBuildConfiguration;
			buildSettings = {
				ASSETCATALOG_COMPILER_APPICON_NAME = AppIcon;
				COMBINE_HIDPI_IMAGES = YES;
				INFOPLIST_FILE = "uSav-NewMac/Info.plist";
				LD_RUNPATH_SEARCH_PATHS = "$(inherited) @executable_path/../Frameworks";
				PRODUCT_NAME = "$(TARGET_NAME)";
			};
			name = Debug;
		};
		81A32CEE19D1180B007B36EF /* Release */ = {
			isa = XCBuildConfiguration;
			buildSettings = {
				ASSETCATALOG_COMPILER_APPICON_NAME = AppIcon;
				COMBINE_HIDPI_IMAGES = YES;
				INFOPLIST_FILE = "uSav-NewMac/Info.plist";
				LD_RUNPATH_SEARCH_PATHS = "$(inherited) @executable_path/../Frameworks";
				PRODUCT_NAME = "$(TARGET_NAME)";
			};
			name = Release;
		};
		81A32CF019D1180B007B36EF /* Debug */ = {
			isa = XCBuildConfiguration;
			buildSettings = {
				BUNDLE_LOADER = "$(BUILT_PRODUCTS_DIR)/uSav-NewMac.app/Contents/MacOS/uSav-NewMac";
				COMBINE_HIDPI_IMAGES = YES;
				FRAMEWORK_SEARCH_PATHS = (
					"$(DEVELOPER_FRAMEWORKS_DIR)",
					"$(inherited)",
				);
				GCC_PREPROCESSOR_DEFINITIONS = (
					"DEBUG=1",
					"$(inherited)",
				);
				INFOPLIST_FILE = "uSav-NewMacTests/Info.plist";
				LD_RUNPATH_SEARCH_PATHS = "$(inherited) @executable_path/../Frameworks @loader_path/../Frameworks";
				PRODUCT_NAME = "$(TARGET_NAME)";
				TEST_HOST = "$(BUNDLE_LOADER)";
			};
			name = Debug;
		};
		81A32CF119D1180B007B36EF /* Release */ = {
			isa = XCBuildConfiguration;
			buildSettings = {
				BUNDLE_LOADER = "$(BUILT_PRODUCTS_DIR)/uSav-NewMac.app/Contents/MacOS/uSav-NewMac";
				COMBINE_HIDPI_IMAGES = YES;
				FRAMEWORK_SEARCH_PATHS = (
					"$(DEVELOPER_FRAMEWORKS_DIR)",
					"$(inherited)",
				);
				INFOPLIST_FILE = "uSav-NewMacTests/Info.plist";
				LD_RUNPATH_SEARCH_PATHS = "$(inherited) @executable_path/../Frameworks @loader_path/../Frameworks";
				PRODUCT_NAME = "$(TARGET_NAME)";
				TEST_HOST = "$(BUNDLE_LOADER)";
			};
			name = Release;
		};
/* End XCBuildConfiguration section */

/* Begin XCConfigurationList section */
		81A32CCA19D1180A007B36EF /* Build configuration list for PBXProject "uSav-NewMac" */ = {
			isa = XCConfigurationList;
			buildConfigurations = (
				81A32CEA19D1180B007B36EF /* Debug */,
				81A32CEB19D1180B007B36EF /* Release */,
			);
			defaultConfigurationIsVisible = 0;
			defaultConfigurationName = Release;
		};
		81A32CEC19D1180B007B36EF /* Build configuration list for PBXNativeTarget "uSav-NewMac" */ = {
			isa = XCConfigurationList;
			buildConfigurations = (
				81A32CED19D1180B007B36EF /* Debug */,
				81A32CEE19D1180B007B36EF /* Release */,
			);
			defaultConfigurationIsVisible = 0;
		};
		81A32CEF19D1180B007B36EF /* Build configuration list for PBXNativeTarget "uSav-NewMacTests" */ = {
			isa = XCConfigurationList;
			buildConfigurations = (
				81A32CF019D1180B007B36EF /* Debug */,
				81A32CF119D1180B007B36EF /* Release */,
			);
			defaultConfigurationIsVisible = 0;
		};
/* End XCConfigurationList section */
	};
	rootObject = 81A32CC719D1180A007B36EF /* Project object */;
}
